
Microsoft Visual Studio Solution File, Format Version 12.00
# Visual Studio 15
VisualStudioVersion = 15.0.28010.0
MinimumVisualStudioVersion = 10.0.40219.1
Project("{FAE04EC0-301F-11D3-BF4B-00C04F79EFBC}") = "AppERP.Web", "AppERP.Web\AppERP.Web.csproj", "{CE546EF9-1C92-4768-87BC-071F53EADE13}"
EndProject
Project("{2150E333-8FDC-42A3-9474-1A3956D46DE8}") = "1 - Presentation", "1 - Presentation", "{4D78D0D6-8BEF-426A-89E4-6F65EDFFF2C2}"
EndProject
Project("{2150E333-8FDC-42A3-9474-1A3956D46DE8}") = "2 - Application", "2 - Application", "{257EDC55-4689-477B-9439-3C4C9851D570}"
EndProject
Project("{2150E333-8FDC-42A3-9474-1A3956D46DE8}") = "3 - Domain", "3 - Domain", "{5CDB51F7-6F96-432E-AA65-A22D315DD56A}"
EndProject
Project("{2150E333-8FDC-42A3-9474-1A3956D46DE8}") = "4 - Infrastructure", "4 - Infrastructure", "{036953CF-B34F-4994-A927-FBB9CE56B143}"
EndProject
Project("{FAE04EC0-301F-11D3-BF4B-00C04F79EFBC}") = "AppERP.Application", "AppERP.Application\AppERP.Application.csproj", "{698C5E1A-9193-45A6-9268-D0BBEC6A6D8A}"
EndProject
Project("{FAE04EC0-301F-11D3-BF4B-00C04F79EFBC}") = "AppERP.Data", "AppERP.Data\AppERP.Data.csproj", "{40DC1CB3-9BD4-4A4F-8448-A8D823A13CBC}"
EndProject
Project("{FAE04EC0-301F-11D3-BF4B-00C04F79EFBC}") = "AppERP.Data.EF", "AppERP.Data.EF\AppERP.Data.EF.csproj", "{4D253A16-F9D3-437F-900B-1672D5B62357}"
EndProject
Project("{FAE04EC0-301F-11D3-BF4B-00C04F79EFBC}") = "AppERP.Infrastructure", "AppERP.Infrastructure\AppERP.Infrastructure.csproj", "{5556B54E-E9E8-49A5-B187-83ED21A400A0}"
EndProject
Project("{FAE04EC0-301F-11D3-BF4B-00C04F79EFBC}") = "AppERP.Utilities", "AppERP.Utilities\AppERP.Utilities.csproj", "{677AE7E4-5BA3-419A-891E-EC8F02AF92EA}"
EndProject
Global
	GlobalSection(SolutionConfigurationPlatforms) = preSolution
		Debug|Any CPU = Debug|Any CPU
		Release|Any CPU = Release|Any CPU
	EndGlobalSection
	GlobalSection(ProjectConfigurationPlatforms) = postSolution
		{CE546EF9-1C92-4768-87BC-071F53EADE13}.Debug|Any CPU.ActiveCfg = Debug|Any CPU
		{CE546EF9-1C92-4768-87BC-071F53EADE13}.Debug|Any CPU.Build.0 = Debug|Any CPU
		{CE546EF9-1C92-4768-87BC-071F53EADE13}.Release|Any CPU.ActiveCfg = Release|Any CPU
		{CE546EF9-1C92-4768-87BC-071F53EADE13}.Release|Any CPU.Build.0 = Release|Any CPU
		{698C5E1A-9193-45A6-9268-D0BBEC6A6D8A}.Debug|Any CPU.ActiveCfg = Debug|Any CPU
		{698C5E1A-9193-45A6-9268-D0BBEC6A6D8A}.Debug|Any CPU.Build.0 = Debug|Any CPU
		{698C5E1A-9193-45A6-9268-D0BBEC6A6D8A}.Release|Any CPU.ActiveCfg = Release|Any CPU
		{698C5E1A-9193-45A6-9268-D0BBEC6A6D8A}.Release|Any CPU.Build.0 = Release|Any CPU
		{40DC1CB3-9BD4-4A4F-8448-A8D823A13CBC}.Debug|Any CPU.ActiveCfg = Debug|Any CPU
		{40DC1CB3-9BD4-4A4F-8448-A8D823A13CBC}.Debug|Any CPU.Build.0 = Debug|Any CPU
		{40DC1CB3-9BD4-4A4F-8448-A8D823A13CBC}.Release|Any CPU.ActiveCfg = Release|Any CPU
		{40DC1CB3-9BD4-4A4F-8448-A8D823A13CBC}.Release|Any CPU.Build.0 = Release|Any CPU
		{4D253A16-F9D3-437F-900B-1672D5B62357}.Debug|Any CPU.ActiveCfg = Debug|Any CPU
		{4D253A16-F9D3-437F-900B-1672D5B62357}.Debug|Any CPU.Build.0 = Debug|Any CPU
		{4D253A16-F9D3-437F-900B-1672D5B62357}.Release|Any CPU.ActiveCfg = Release|Any CPU
		{4D253A16-F9D3-437F-900B-1672D5B62357}.Release|Any CPU.Build.0 = Release|Any CPU
		{5556B54E-E9E8-49A5-B187-83ED21A400A0}.Debug|Any CPU.ActiveCfg = Debug|Any CPU
		{5556B54E-E9E8-49A5-B187-83ED21A400A0}.Debug|Any CPU.Build.0 = Debug|Any CPU
		{5556B54E-E9E8-49A5-B187-83ED21A400A0}.Release|Any CPU.ActiveCfg = Release|Any CPU
		{5556B54E-E9E8-49A5-B187-83ED21A400A0}.Release|Any CPU.Build.0 = Release|Any CPU
		{677AE7E4-5BA3-419A-891E-EC8F02AF92EA}.Debug|Any CPU.ActiveCfg = Debug|Any CPU
		{677AE7E4-5BA3-419A-891E-EC8F02AF92EA}.Debug|Any CPU.Build.0 = Debug|Any CPU
		{677AE7E4-5BA3-419A-891E-EC8F02AF92EA}.Release|Any CPU.ActiveCfg = Release|Any CPU
		{677AE7E4-5BA3-419A-891E-EC8F02AF92EA}.Release|Any CPU.Build.0 = Release|Any CPU
	EndGlobalSection
	GlobalSection(SolutionProperties) = preSolution
		HideSolutionNode = FALSE
	EndGlobalSection
	GlobalSection(NestedProjects) = preSolution
		{CE546EF9-1C92-4768-87BC-071F53EADE13} = {4D78D0D6-8BEF-426A-89E4-6F65EDFFF2C2}
		{698C5E1A-9193-45A6-9268-D0BBEC6A6D8A} = {257EDC55-4689-477B-9439-3C4C9851D570}
		{40DC1CB3-9BD4-4A4F-8448-A8D823A13CBC} = {5CDB51F7-6F96-432E-AA65-A22D315DD56A}
		{4D253A16-F9D3-437F-900B-1672D5B62357} = {5CDB51F7-6F96-432E-AA65-A22D315DD56A}
		{5556B54E-E9E8-49A5-B187-83ED21A400A0} = {036953CF-B34F-4994-A927-FBB9CE56B143}
		{677AE7E4-5BA3-419A-891E-EC8F02AF92EA} = {036953CF-B34F-4994-A927-FBB9CE56B143}
	EndGlobalSection
	GlobalSection(ExtensibilityGlobals) = postSolution
		SolutionGuid = {E5F85441-B5E5-4ABF-8F6B-8F43CEE47DA0}
	EndGlobalSection
EndGlobal
