
Microsoft Visual Studio Solution File, Format Version 12.00
# Visual Studio 15
VisualStudioVersion = 15.0.28010.0
MinimumVisualStudioVersion = 10.0.40219.1
Project("{FAE04EC0-301F-11D3-BF4B-00C04F79EFBC}") = "AppERP.Web", "AppERP.Web\AppERP.Web.csproj", "{CE546EF9-1C92-4768-87BC-071F53EADE13}"
EndProject
Global
	GlobalSection(SolutionConfigurationPlatforms) = preSolution
		Debug|Any CPU = Debug|Any CPU
		Release|Any CPU = Release|Any CPU
	EndGlobalSection
	GlobalSection(ProjectConfigurationPlatforms) = postSolution
		{CE546EF9-1C92-4768-87BC-071F53EADE13}.Debug|Any CPU.ActiveCfg = Debug|Any CPU
		{CE546EF9-1C92-4768-87BC-071F53EADE13}.Debug|Any CPU.Build.0 = Debug|Any CPU
		{CE546EF9-1C92-4768-87BC-071F53EADE13}.Release|Any CPU.ActiveCfg = Release|Any CPU
		{CE546EF9-1C92-4768-87BC-071F53EADE13}.Release|Any CPU.Build.0 = Release|Any CPU
	EndGlobalSection
	GlobalSection(SolutionProperties) = preSolution
		HideSolutionNode = FALSE
	EndGlobalSection
	GlobalSection(ExtensibilityGlobals) = postSolution
		SolutionGuid = {E5F85441-B5E5-4ABF-8F6B-8F43CEE47DA0}
	EndGlobalSection
EndGlobal
